Microsoft Visual Studio Solution File, Format Version 8.00
Project("{8BC9CEB8-8B4A-11D0-8D11-00A0C91BC942}") = "cgame", "cgame\cgame.vcproj", "{073A8506-5AC5-4DEC-B50C-3F556CEDEABB}"
	ProjectSection(ProjectDependencies) = postProject
	EndProjectSection
EndProject
Project("{8BC9CEB8-8B4A-11D0-8D11-00A0C91BC942}") = "game", "game\game.vcproj", "{B7D32231-B691-4D45-BDE7-BA21B62D1106}"
	ProjectSection(ProjectDependencies) = postProject
	EndProjectSection
EndProject
Project("{8BC9CEB8-8B4A-11D0-8D11-00A0C91BC942}") = "ui", "ui\ui.vcproj", "{C577FB91-0326-4DF4-A3AC-36503C347121}"
	ProjectSection(ProjectDependencies) = postProject
	EndProjectSection
EndProject
Global
	GlobalSection(SolutionConfiguration) = preSolution
		Debug = Debug
		Release = Release
	EndGlobalSection
	GlobalSection(ProjectConfiguration) = postSolution
		{073A8506-5AC5-4DEC-B50C-3F556CEDEABB}.Debug.ActiveCfg = Debug|Win32
		{073A8506-5AC5-4DEC-B50C-3F556CEDEABB}.Debug.Build.0 = Debug|Win32
		{073A8506-5AC5-4DEC-B50C-3F556CEDEABB}.Release.ActiveCfg = Release|Win32
		{073A8506-5AC5-4DEC-B50C-3F556CEDEABB}.Release.Build.0 = Release|Win32
		{B7D32231-B691-4D45-BDE7-BA21B62D1106}.Debug.ActiveCfg = Debug|Win32
		{B7D32231-B691-4D45-BDE7-BA21B62D1106}.Debug.Build.0 = Debug|Win32
		{B7D32231-B691-4D45-BDE7-BA21B62D1106}.Release.ActiveCfg = Release|Win32
		{B7D32231-B691-4D45-BDE7-BA21B62D1106}.Release.Build.0 = Release|Win32
		{C577FB91-0326-4DF4-A3AC-36503C347121}.Debug.ActiveCfg = Debug|Win32
		{C577FB91-0326-4DF4-A3AC-36503C347121}.Debug.Build.0 = Debug|Win32
		{C577FB91-0326-4DF4-A3AC-36503C347121}.Release.ActiveCfg = Release|Win32
		{C577FB91-0326-4DF4-A3AC-36503C347121}.Release.Build.0 = Release|Win32
	EndGlobalSection
	GlobalSection(ExtensibilityGlobals) = postSolution
	EndGlobalSection
	GlobalSection(ExtensibilityAddIns) = postSolution
	EndGlobalSection
EndGlobal
