Microsoft Visual Studio Solution File, Format Version 8.00
Project("{8BC9CEB8-8B4A-11D0-8D11-00A0C91BC942}") = "Splines", "splines\Splines.vcproj", "{DBAF2C53-3858-455D-A1AE-3FC093515314}"
	ProjectSection(ProjectDependencies) = postProject
	EndProjectSection
EndProject
Project("{8BC9CEB8-8B4A-11D0-8D11-00A0C91BC942}") = "botlib", "botlib\botlib.vcproj", "{A410161F-AE9F-485D-A01F-5294891430A6}"
	ProjectSection(ProjectDependencies) = postProject
	EndProjectSection
EndProject
Project("{8BC9CEB8-8B4A-11D0-8D11-00A0C91BC942}") = "quake3", "quake3.vcproj", "{81CB51C4-B434-4E12-B69B-BAEE102F2852}"
	ProjectSection(ProjectDependencies) = postProject
		{A410161F-AE9F-485D-A01F-5294891430A6} = {A410161F-AE9F-485D-A01F-5294891430A6}
		{DBAF2C53-3858-455D-A1AE-3FC093515314} = {DBAF2C53-3858-455D-A1AE-3FC093515314}
		{AB424155-FBED-4D8D-B007-5B6CF93EA395} = {AB424155-FBED-4D8D-B007-5B6CF93EA395}
	EndProjectSection
EndProject
Project("{8BC9CEB8-8B4A-11D0-8D11-00A0C91BC942}") = "renderer", "renderer\renderer.vcproj", "{AB424155-FBED-4D8D-B007-5B6CF93EA395}"
	ProjectSection(ProjectDependencies) = postProject
	EndProjectSection
EndProject
Global
	GlobalSection(SolutionConfiguration) = preSolution
		Debug = Debug
		Debug TA = Debug TA
		Release = Release
		Release TA = Release TA
	EndGlobalSection
	GlobalSection(ProjectConfiguration) = postSolution
		{DBAF2C53-3858-455D-A1AE-3FC093515314}.Debug.ActiveCfg = Debug|Win32
		{DBAF2C53-3858-455D-A1AE-3FC093515314}.Debug.Build.0 = Debug|Win32
		{DBAF2C53-3858-455D-A1AE-3FC093515314}.Debug TA.ActiveCfg = Debug|Win32
		{DBAF2C53-3858-455D-A1AE-3FC093515314}.Debug TA.Build.0 = Debug|Win32
		{DBAF2C53-3858-455D-A1AE-3FC093515314}.Release.ActiveCfg = Release|Win32
		{DBAF2C53-3858-455D-A1AE-3FC093515314}.Release.Build.0 = Release|Win32
		{DBAF2C53-3858-455D-A1AE-3FC093515314}.Release TA.ActiveCfg = Release|Win32
		{DBAF2C53-3858-455D-A1AE-3FC093515314}.Release TA.Build.0 = Release|Win32
		{A410161F-AE9F-485D-A01F-5294891430A6}.Debug.ActiveCfg = Debug|Win32
		{A410161F-AE9F-485D-A01F-5294891430A6}.Debug.Build.0 = Debug|Win32
		{A410161F-AE9F-485D-A01F-5294891430A6}.Debug TA.ActiveCfg = Debug TA|Win32
		{A410161F-AE9F-485D-A01F-5294891430A6}.Debug TA.Build.0 = Debug TA|Win32
		{A410161F-AE9F-485D-A01F-5294891430A6}.Release.ActiveCfg = Release|Win32
		{A410161F-AE9F-485D-A01F-5294891430A6}.Release.Build.0 = Release|Win32
		{A410161F-AE9F-485D-A01F-5294891430A6}.Release TA.ActiveCfg = Release TA|Win32
		{A410161F-AE9F-485D-A01F-5294891430A6}.Release TA.Build.0 = Release TA|Win32
		{81CB51C4-B434-4E12-B69B-BAEE102F2852}.Debug.ActiveCfg = Debug|Win32
		{81CB51C4-B434-4E12-B69B-BAEE102F2852}.Debug.Build.0 = Debug|Win32
		{81CB51C4-B434-4E12-B69B-BAEE102F2852}.Debug TA.ActiveCfg = Debug TA|Win32
		{81CB51C4-B434-4E12-B69B-BAEE102F2852}.Debug TA.Build.0 = Debug TA|Win32
		{81CB51C4-B434-4E12-B69B-BAEE102F2852}.Release.ActiveCfg = Release|Win32
		{81CB51C4-B434-4E12-B69B-BAEE102F2852}.Release.Build.0 = Release|Win32
		{81CB51C4-B434-4E12-B69B-BAEE102F2852}.Release TA.ActiveCfg = Release TA|Win32
		{81CB51C4-B434-4E12-B69B-BAEE102F2852}.Release TA.Build.0 = Release TA|Win32
		{AB424155-FBED-4D8D-B007-5B6CF93EA395}.Debug.ActiveCfg = Debug|Win32
		{AB424155-FBED-4D8D-B007-5B6CF93EA395}.Debug.Build.0 = Debug|Win32
		{AB424155-FBED-4D8D-B007-5B6CF93EA395}.Debug TA.ActiveCfg = Debug TA|Win32
		{AB424155-FBED-4D8D-B007-5B6CF93EA395}.Debug TA.Build.0 = Debug TA|Win32
		{AB424155-FBED-4D8D-B007-5B6CF93EA395}.Release.ActiveCfg = Release|Win32
		{AB424155-FBED-4D8D-B007-5B6CF93EA395}.Release.Build.0 = Release|Win32
		{AB424155-FBED-4D8D-B007-5B6CF93EA395}.Release TA.ActiveCfg = Release TA|Win32
		{AB424155-FBED-4D8D-B007-5B6CF93EA395}.Release TA.Build.0 = Release TA|Win32
	EndGlobalSection
	GlobalSection(ExtensibilityGlobals) = postSolution
	EndGlobalSection
	GlobalSection(ExtensibilityAddIns) = postSolution
	EndGlobalSection
EndGlobal
