Microsoft Visual Studio Solution File, Format Version 8.00
Project("{8BC9CEB8-8B4A-11D0-8D11-00A0C91BC942}") = "cgame", "cgame\cgame.vcproj", "{C878E295-CB82-4B40-8ECF-5CE5525466FA}"
	ProjectSection(ProjectDependencies) = postProject
	EndProjectSection
EndProject
Project("{8BC9CEB8-8B4A-11D0-8D11-00A0C91BC942}") = "game", "game\game.vcproj", "{F9EE10DA-2404-4154-B904-F93C936C040A}"
	ProjectSection(ProjectDependencies) = postProject
	EndProjectSection
EndProject
Project("{8BC9CEB8-8B4A-11D0-8D11-00A0C91BC942}") = "renderer", "renderer\renderer.vcproj", "{AB424155-FBED-4D8D-B007-5B6CF93EA395}"
	ProjectSection(ProjectDependencies) = postProject
	EndProjectSection
EndProject
Project("{8BC9CEB8-8B4A-11D0-8D11-00A0C91BC942}") = "ui", "ui\ui.vcproj", "{A8EAC38E-C7DA-42F8-811D-77FD092B9D19}"
	ProjectSection(ProjectDependencies) = postProject
	EndProjectSection
EndProject
Project("{8BC9CEB8-8B4A-11D0-8D11-00A0C91BC942}") = "MilitaryForces", "MilitaryForces.vcproj", "{6834203A-96E2-48FE-9BEC-9B2CF2B832DB}"
	ProjectSection(ProjectDependencies) = postProject
		{B549420F-50C8-4959-AA30-DA8E7E515091} = {B549420F-50C8-4959-AA30-DA8E7E515091}
		{AB424155-FBED-4D8D-B007-5B6CF93EA395} = {AB424155-FBED-4D8D-B007-5B6CF93EA395}
		{0E65018D-61C6-44DF-BB76-941DD61679CE} = {0E65018D-61C6-44DF-BB76-941DD61679CE}
		{A8EAC38E-C7DA-42F8-811D-77FD092B9D19} = {A8EAC38E-C7DA-42F8-811D-77FD092B9D19}
		{C878E295-CB82-4B40-8ECF-5CE5525466FA} = {C878E295-CB82-4B40-8ECF-5CE5525466FA}
		{920876D6-55B6-4EE7-812F-1443DAEB35B8} = {920876D6-55B6-4EE7-812F-1443DAEB35B8}
		{F9EE10DA-2404-4154-B904-F93C936C040A} = {F9EE10DA-2404-4154-B904-F93C936C040A}
	EndProjectSection
EndProject
Project("{8BC9CEB8-8B4A-11D0-8D11-00A0C91BC942}") = "botlib", "botlib\botlib.vcproj", "{B549420F-50C8-4959-AA30-DA8E7E515091}"
	ProjectSection(ProjectDependencies) = postProject
	EndProjectSection
EndProject
Project("{8BC9CEB8-8B4A-11D0-8D11-00A0C91BC942}") = "jpeg-6", "jpeg-6\jpeg-6.vcproj", "{0E65018D-61C6-44DF-BB76-941DD61679CE}"
	ProjectSection(ProjectDependencies) = postProject
	EndProjectSection
EndProject
Project("{8BC9CEB8-8B4A-11D0-8D11-00A0C91BC942}") = "vehiclelib", "vehiclelib\vehiclelib.vcproj", "{920876D6-55B6-4EE7-812F-1443DAEB35B8}"
	ProjectSection(ProjectDependencies) = postProject
	EndProjectSection
EndProject
Global
	GlobalSection(SolutionConfiguration) = preSolution
		Debug = Debug
		Release = Release
		ReleaseWithDebugInfo = ReleaseWithDebugInfo
	EndGlobalSection
	GlobalSection(ProjectConfiguration) = postSolution
		{C878E295-CB82-4B40-8ECF-5CE5525466FA}.Debug.ActiveCfg = Debug|Win32
		{C878E295-CB82-4B40-8ECF-5CE5525466FA}.Debug.Build.0 = Debug|Win32
		{C878E295-CB82-4B40-8ECF-5CE5525466FA}.Release.ActiveCfg = Release|Win32
		{C878E295-CB82-4B40-8ECF-5CE5525466FA}.Release.Build.0 = Release|Win32
		{C878E295-CB82-4B40-8ECF-5CE5525466FA}.ReleaseWithDebugInfo.ActiveCfg = ReleaseWithDebugInfo|Win32
		{C878E295-CB82-4B40-8ECF-5CE5525466FA}.ReleaseWithDebugInfo.Build.0 = ReleaseWithDebugInfo|Win32
		{F9EE10DA-2404-4154-B904-F93C936C040A}.Debug.ActiveCfg = Debug|Win32
		{F9EE10DA-2404-4154-B904-F93C936C040A}.Debug.Build.0 = Debug|Win32
		{F9EE10DA-2404-4154-B904-F93C936C040A}.Release.ActiveCfg = Release|Win32
		{F9EE10DA-2404-4154-B904-F93C936C040A}.Release.Build.0 = Release|Win32
		{F9EE10DA-2404-4154-B904-F93C936C040A}.ReleaseWithDebugInfo.ActiveCfg = ReleaseWithDebugInfo|Win32
		{F9EE10DA-2404-4154-B904-F93C936C040A}.ReleaseWithDebugInfo.Build.0 = ReleaseWithDebugInfo|Win32
		{AB424155-FBED-4D8D-B007-5B6CF93EA395}.Debug.ActiveCfg = Debug|Win32
		{AB424155-FBED-4D8D-B007-5B6CF93EA395}.Debug.Build.0 = Debug|Win32
		{AB424155-FBED-4D8D-B007-5B6CF93EA395}.Release.ActiveCfg = Release|Win32
		{AB424155-FBED-4D8D-B007-5B6CF93EA395}.Release.Build.0 = Release|Win32
		{AB424155-FBED-4D8D-B007-5B6CF93EA395}.ReleaseWithDebugInfo.ActiveCfg = ReleaseWithDebugInfo|Win32
		{AB424155-FBED-4D8D-B007-5B6CF93EA395}.ReleaseWithDebugInfo.Build.0 = ReleaseWithDebugInfo|Win32
		{A8EAC38E-C7DA-42F8-811D-77FD092B9D19}.Debug.ActiveCfg = Debug|Win32
		{A8EAC38E-C7DA-42F8-811D-77FD092B9D19}.Debug.Build.0 = Debug|Win32
		{A8EAC38E-C7DA-42F8-811D-77FD092B9D19}.Release.ActiveCfg = Release|Win32
		{A8EAC38E-C7DA-42F8-811D-77FD092B9D19}.Release.Build.0 = Release|Win32
		{A8EAC38E-C7DA-42F8-811D-77FD092B9D19}.ReleaseWithDebugInfo.ActiveCfg = ReleaseWithDebugInfo|Win32
		{A8EAC38E-C7DA-42F8-811D-77FD092B9D19}.ReleaseWithDebugInfo.Build.0 = ReleaseWithDebugInfo|Win32
		{6834203A-96E2-48FE-9BEC-9B2CF2B832DB}.Debug.ActiveCfg = Debug|Win32
		{6834203A-96E2-48FE-9BEC-9B2CF2B832DB}.Debug.Build.0 = Debug|Win32
		{6834203A-96E2-48FE-9BEC-9B2CF2B832DB}.Release.ActiveCfg = Release|Win32
		{6834203A-96E2-48FE-9BEC-9B2CF2B832DB}.Release.Build.0 = Release|Win32
		{6834203A-96E2-48FE-9BEC-9B2CF2B832DB}.ReleaseWithDebugInfo.ActiveCfg = ReleaseWithDebugInfo|Win32
		{6834203A-96E2-48FE-9BEC-9B2CF2B832DB}.ReleaseWithDebugInfo.Build.0 = ReleaseWithDebugInfo|Win32
		{B549420F-50C8-4959-AA30-DA8E7E515091}.Debug.ActiveCfg = Debug|Win32
		{B549420F-50C8-4959-AA30-DA8E7E515091}.Debug.Build.0 = Debug|Win32
		{B549420F-50C8-4959-AA30-DA8E7E515091}.Release.ActiveCfg = Release|Win32
		{B549420F-50C8-4959-AA30-DA8E7E515091}.Release.Build.0 = Release|Win32
		{B549420F-50C8-4959-AA30-DA8E7E515091}.ReleaseWithDebugInfo.ActiveCfg = ReleaseWithDebugInfo|Win32
		{B549420F-50C8-4959-AA30-DA8E7E515091}.ReleaseWithDebugInfo.Build.0 = ReleaseWithDebugInfo|Win32
		{0E65018D-61C6-44DF-BB76-941DD61679CE}.Debug.ActiveCfg = Debug|Win32
		{0E65018D-61C6-44DF-BB76-941DD61679CE}.Debug.Build.0 = Debug|Win32
		{0E65018D-61C6-44DF-BB76-941DD61679CE}.Release.ActiveCfg = Release|Win32
		{0E65018D-61C6-44DF-BB76-941DD61679CE}.Release.Build.0 = Release|Win32
		{0E65018D-61C6-44DF-BB76-941DD61679CE}.ReleaseWithDebugInfo.ActiveCfg = ReleaseWithDebugInfo|Win32
		{0E65018D-61C6-44DF-BB76-941DD61679CE}.ReleaseWithDebugInfo.Build.0 = ReleaseWithDebugInfo|Win32
		{920876D6-55B6-4EE7-812F-1443DAEB35B8}.Debug.ActiveCfg = Debug|Win32
		{920876D6-55B6-4EE7-812F-1443DAEB35B8}.Debug.Build.0 = Debug|Win32
		{920876D6-55B6-4EE7-812F-1443DAEB35B8}.Release.ActiveCfg = Release|Win32
		{920876D6-55B6-4EE7-812F-1443DAEB35B8}.Release.Build.0 = Release|Win32
		{920876D6-55B6-4EE7-812F-1443DAEB35B8}.ReleaseWithDebugInfo.ActiveCfg = ReleaseWithDebugInfo|Win32
		{920876D6-55B6-4EE7-812F-1443DAEB35B8}.ReleaseWithDebugInfo.Build.0 = ReleaseWithDebugInfo|Win32
	EndGlobalSection
	GlobalSection(ExtensibilityGlobals) = postSolution
	EndGlobalSection
	GlobalSection(ExtensibilityAddIns) = postSolution
	EndGlobalSection
EndGlobal
